
Microsoft Visual Studio Solution File, Format Version 12.00
# Visual Studio 2012
Project("{8BC9CEB8-8B4A-11D0-8D11-00A0C91BC942}") = "HR_EvenTree", "HR_EvenTree\HR_EvenTree.vcxproj", "{0340AF64-6422-49D4-AABD-ED569F8B22BD}"
EndProject
Global
	GlobalSection(SolutionConfigurationPlatforms) = preSolution
		Debug|Win32 = Debug|Win32
		Release|Win32 = Release|Win32
	EndGlobalSection
	GlobalSection(ProjectConfigurationPlatforms) = postSolution
		{0340AF64-6422-49D4-AABD-ED569F8B22BD}.Debug|Win32.ActiveCfg = Debug|Win32
		{0340AF64-6422-49D4-AABD-ED569F8B22BD}.Debug|Win32.Build.0 = Debug|Win32
		{0340AF64-6422-49D4-AABD-ED569F8B22BD}.Release|Win32.ActiveCfg = Release|Win32
		{0340AF64-6422-49D4-AABD-ED569F8B22BD}.Release|Win32.Build.0 = Release|Win32
	EndGlobalSection
	GlobalSection(SolutionProperties) = preSolution
		HideSolutionNode = FALSE
	EndGlobalSection
EndGlobal
