
Microsoft Visual Studio Solution File, Format Version 12.00
# Visual Studio 2012
Project("{8BC9CEB8-8B4A-11D0-8D11-00A0C91BC942}") = "HR_PickingCards", "HR_PickingCards\HR_PickingCards.vcxproj", "{F2BD1E72-68CF-4030-B6BF-E04B278E7841}"
EndProject
Global
	GlobalSection(SolutionConfigurationPlatforms) = preSolution
		Debug|Win32 = Debug|Win32
		Release|Win32 = Release|Win32
	EndGlobalSection
	GlobalSection(ProjectConfigurationPlatforms) = postSolution
		{F2BD1E72-68CF-4030-B6BF-E04B278E7841}.Debug|Win32.ActiveCfg = Debug|Win32
		{F2BD1E72-68CF-4030-B6BF-E04B278E7841}.Debug|Win32.Build.0 = Debug|Win32
		{F2BD1E72-68CF-4030-B6BF-E04B278E7841}.Release|Win32.ActiveCfg = Release|Win32
		{F2BD1E72-68CF-4030-B6BF-E04B278E7841}.Release|Win32.Build.0 = Release|Win32
	EndGlobalSection
	GlobalSection(SolutionProperties) = preSolution
		HideSolutionNode = FALSE
	EndGlobalSection
EndGlobal
